
Microsoft Visual Studio Solution File, Format Version 12.00
# Visual Studio Version 17
VisualStudioVersion = 17.14.36518.9 d17.14
MinimumVisualStudioVersion = 10.0.40219.1
Project("{8BC9CEB8-8B4A-11D0-8D11-00A0C91BC942}") = "dll-loader", "dll-loader.vcxproj", "{40DA20B1-003D-4A58-BD9A-11BCB6FC8361}"
EndProject
Global
	GlobalSection(SolutionConfigurationPlatforms) = preSolution
		Debug|x64 = Debug|x64
		Debug|x86 = Debug|x86
		Release|x64 = Release|x64
		Release|x86 = Release|x86
	EndGlobalSection
	GlobalSection(ProjectConfigurationPlatforms) = postSolution
		{40DA20B1-003D-4A58-BD9A-11BCB6FC8361}.Debug|x64.ActiveCfg = Debug|x64
		{40DA20B1-003D-4A58-BD9A-11BCB6FC8361}.Debug|x64.Build.0 = Debug|x64
		{40DA20B1-003D-4A58-BD9A-11BCB6FC8361}.Debug|x86.ActiveCfg = Debug|Win32
		{40DA20B1-003D-4A58-BD9A-11BCB6FC8361}.Debug|x86.Build.0 = Debug|Win32
		{40DA20B1-003D-4A58-BD9A-11BCB6FC8361}.Release|x64.ActiveCfg = Release|x64
		{40DA20B1-003D-4A58-BD9A-11BCB6FC8361}.Release|x64.Build.0 = Release|x64
		{40DA20B1-003D-4A58-BD9A-11BCB6FC8361}.Release|x86.ActiveCfg = Release|Win32
		{40DA20B1-003D-4A58-BD9A-11BCB6FC8361}.Release|x86.Build.0 = Release|Win32
	EndGlobalSection
	GlobalSection(SolutionProperties) = preSolution
		HideSolutionNode = FALSE
	EndGlobalSection
	GlobalSection(ExtensibilityGlobals) = postSolution
		SolutionGuid = {CF3C187D-6DB5-4E58-917D-108FE8EEE769}
	EndGlobalSection
EndGlobal
